// !$*UTF8*$!
{
	archiveVersion = 1;
	classes = {
	};
	objectVersion = 50;
	objects = {

/* Begin PBXBuildFile section */
		49176F8722C28952000A0C29 /* EndedQuestionClassifier.mlmodel in Sources */ = {isa = PBXBuildFile; fileRef = 49176F8622C28952000A0C29 /* EndedQuestionClassifier.mlmodel */; };
		496BF8AA24B128AA00A448B7 /* TenseGrammarExampleSentences.swift in Sources */ = {isa = PBXBuildFile; fileRef = 496BF8A924B128AA00A448B7 /* TenseGrammarExampleSentences.swift */; };
		496BF8AC24B12F9900A448B7 /* AspectClassifier.mlmodel in Sources */ = {isa = PBXBuildFile; fileRef = 496BF8AB24B12F9900A448B7 /* AspectClassifier.mlmodel */; };
		49C27F1E24AFCA6900B21FAE /* VoiceClassifier.mlmodel in Sources */ = {isa = PBXBuildFile; fileRef = 49C27F1D24AFCA6900B21FAE /* VoiceClassifier.mlmodel */; };
		49C27F2024AFF2A000B21FAE /* EssayClassifier.mlmodel in Sources */ = {isa = PBXBuildFile; fileRef = 49C27F1F24AFF2A000B21FAE /* EssayClassifier.mlmodel */; };
		49C27F2224AFF4D400B21FAE /* TimesExampleSentences.swift in Sources */ = {isa = PBXBuildFile; fileRef = 49C27F2124AFF4D400B21FAE /* TimesExampleSentences.swift */; };
		49C27F2624B0028700B21FAE /* TimeClassifier.mlmodel in Sources */ = {isa = PBXBuildFile; fileRef = 49C27F2524B0028700B21FAE /* TimeClassifier.mlmodel */; };
		49C27F2824B11DCB00B21FAE /* Factory.swift in Sources */ = {isa = PBXBuildFile; fileRef = 49C27F2724B11DCB00B21FAE /* Factory.swift */; };
		49C27F2A24B11DF700B21FAE /* FileDestinations.swift in Sources */ = {isa = PBXBuildFile; fileRef = 49C27F2924B11DF700B21FAE /* FileDestinations.swift */; };
		49C27F2C24B11E6B00B21FAE /* AspectsExampleSentences.swift in Sources */ = {isa = PBXBuildFile; fileRef = 49C27F2B24B11E6B00B21FAE /* AspectsExampleSentences.swift */; };
		49C27F2E24B11F4D00B21FAE /* TextInputValue.swift in Sources */ = {isa = PBXBuildFile; fileRef = 49C27F2D24B11F4D00B21FAE /* TextInputValue.swift */; };
		49E94B0622B9A6B10036759B /* main.swift in Sources */ = {isa = PBXBuildFile; fileRef = 49E94B0522B9A6B10036759B /* main.swift */; };
/* End PBXBuildFile section */

/* Begin PBXCopyFilesBuildPhase section */
		49E94B0022B9A6B10036759B /* CopyFiles */ = {
			isa = PBXCopyFilesBuildPhase;
			buildActionMask = 2147483647;
			dstPath = /usr/share/man/man1/;
			dstSubfolderSpec = 0;
			files = (
			);
			runOnlyForDeploymentPostprocessing = 1;
		};
/* End PBXCopyFilesBuildPhase section */

/* Begin PBXFileReference section */
		49176F8622C28952000A0C29 /* EndedQuestionClassifier.mlmodel */ = {isa = PBXFileReference; lastKnownFileType = file.mlmodel; path = EndedQuestionClassifier.mlmodel; sourceTree = "<group>"; };
		496BF8A924B128AA00A448B7 /* TenseGrammarExampleSentences.swift */ = {isa = PBXFileReference; lastKnownFileType = sourcecode.swift; path = TenseGrammarExampleSentences.swift; sourceTree = "<group>"; };
		496BF8AB24B12F9900A448B7 /* AspectClassifier.mlmodel */ = {isa = PBXFileReference; lastKnownFileType = file.mlmodel; path = AspectClassifier.mlmodel; sourceTree = "<group>"; };
		49C27F1D24AFCA6900B21FAE /* VoiceClassifier.mlmodel */ = {isa = PBXFileReference; lastKnownFileType = file.mlmodel; path = VoiceClassifier.mlmodel; sourceTree = "<group>"; };
		49C27F1F24AFF2A000B21FAE /* EssayClassifier.mlmodel */ = {isa = PBXFileReference; lastKnownFileType = file.mlmodel; path = EssayClassifier.mlmodel; sourceTree = "<group>"; };
		49C27F2124AFF4D400B21FAE /* TimesExampleSentences.swift */ = {isa = PBXFileReference; lastKnownFileType = sourcecode.swift; path = TimesExampleSentences.swift; sourceTree = "<group>"; };
		49C27F2524B0028700B21FAE /* TimeClassifier.mlmodel */ = {isa = PBXFileReference; lastKnownFileType = file.mlmodel; path = TimeClassifier.mlmodel; sourceTree = "<group>"; };
		49C27F2724B11DCB00B21FAE /* Factory.swift */ = {isa = PBXFileReference; lastKnownFileType = sourcecode.swift; path = Factory.swift; sourceTree = "<group>"; };
		49C27F2924B11DF700B21FAE /* FileDestinations.swift */ = {isa = PBXFileReference; lastKnownFileType = sourcecode.swift; path = FileDestinations.swift; sourceTree = "<group>"; };
		49C27F2B24B11E6B00B21FAE /* AspectsExampleSentences.swift */ = {isa = PBXFileReference; lastKnownFileType = sourcecode.swift; path = AspectsExampleSentences.swift; sourceTree = "<group>"; };
		49C27F2D24B11F4D00B21FAE /* TextInputValue.swift */ = {isa = PBXFileReference; lastKnownFileType = sourcecode.swift; path = TextInputValue.swift; sourceTree = "<group>"; };
		49E94B0222B9A6B10036759B /* Essay I Say */ = {isa = PBXFileReference; explicitFileType = "compiled.mach-o.executable"; includeInIndex = 0; path = "Essay I Say"; sourceTree = BUILT_PRODUCTS_DIR; };
		49E94B0522B9A6B10036759B /* main.swift */ = {isa = PBXFileReference; lastKnownFileType = sourcecode.swift; path = main.swift; sourceTree = "<group>"; };
/* End PBXFileReference section */

/* Begin PBXFrameworksBuildPhase section */
		49E94AFF22B9A6B10036759B /* Frameworks */ = {
			isa = PBXFrameworksBuildPhase;
			buildActionMask = 2147483647;
			files = (
			);
			runOnlyForDeploymentPostprocessing = 0;
		};
/* End PBXFrameworksBuildPhase section */

/* Begin PBXGroup section */
		49E94AF922B9A6B10036759B = {
			isa = PBXGroup;
			children = (
				49E94B0422B9A6B10036759B /* Essay I Say */,
				49E94B0322B9A6B10036759B /* Products */,
			);
			sourceTree = "<group>";
		};
		49E94B0322B9A6B10036759B /* Products */ = {
			isa = PBXGroup;
			children = (
				49E94B0222B9A6B10036759B /* Essay I Say */,
			);
			name = Products;
			sourceTree = "<group>";
		};
		49E94B0422B9A6B10036759B /* Essay I Say */ = {
			isa = PBXGroup;
			children = (
				496BF8AB24B12F9900A448B7 /* AspectClassifier.mlmodel */,
				49C27F2524B0028700B21FAE /* TimeClassifier.mlmodel */,
				49176F8622C28952000A0C29 /* EndedQuestionClassifier.mlmodel */,
				49C27F1F24AFF2A000B21FAE /* EssayClassifier.mlmodel */,
				49C27F1D24AFCA6900B21FAE /* VoiceClassifier.mlmodel */,
				49C27F2B24B11E6B00B21FAE /* AspectsExampleSentences.swift */,
				49C27F2724B11DCB00B21FAE /* Factory.swift */,
				49C27F2924B11DF700B21FAE /* FileDestinations.swift */,
				49E94B0522B9A6B10036759B /* main.swift */,
				496BF8A924B128AA00A448B7 /* TenseGrammarExampleSentences.swift */,
				49C27F2D24B11F4D00B21FAE /* TextInputValue.swift */,
				49C27F2124AFF4D400B21FAE /* TimesExampleSentences.swift */,
			);
			path = "Essay I Say";
			sourceTree = "<group>";
		};
/* End PBXGroup section */

/* Begin PBXNativeTarget section */
		49E94B0122B9A6B10036759B /* Essay I Say */ = {
			isa = PBXNativeTarget;
			buildConfigurationList = 49E94B0922B9A6B10036759B /* Build configuration list for PBXNativeTarget "Essay I Say" */;
			buildPhases = (
				49E94AFE22B9A6B10036759B /* Sources */,
				49E94AFF22B9A6B10036759B /* Frameworks */,
				49E94B0022B9A6B10036759B /* CopyFiles */,
			);
			buildRules = (
			);
			dependencies = (
			);
			name = "Essay I Say";
			productName = "Essay I Say";
			productReference = 49E94B0222B9A6B10036759B /* Essay I Say */;
			productType = "com.apple.product-type.tool";
		};
/* End PBXNativeTarget section */

/* Begin PBXProject section */
		49E94AFA22B9A6B10036759B /* Project object */ = {
			isa = PBXProject;
			attributes = {
				LastSwiftUpdateCheck = 1100;
				LastUpgradeCheck = 1100;
				ORGANIZATIONNAME = Andrew;
				TargetAttributes = {
					49E94B0122B9A6B10036759B = {
						CreatedOnToolsVersion = 11.0;
					};
				};
			};
			buildConfigurationList = 49E94AFD22B9A6B10036759B /* Build configuration list for PBXProject "Essay I Say" */;
			compatibilityVersion = "Xcode 9.3";
			developmentRegion = en;
			hasScannedForEncodings = 0;
			knownRegions = (
				en,
				Base,
			);
			mainGroup = 49E94AF922B9A6B10036759B;
			productRefGroup = 49E94B0322B9A6B10036759B /* Products */;
			projectDirPath = "";
			projectRoot = "";
			targets = (
				49E94B0122B9A6B10036759B /* Essay I Say */,
			);
		};
/* End PBXProject section */

/* Begin PBXSourcesBuildPhase section */
		49E94AFE22B9A6B10036759B /* Sources */ = {
			isa = PBXSourcesBuildPhase;
			buildActionMask = 2147483647;
			files = (
				49C27F2624B0028700B21FAE /* TimeClassifier.mlmodel in Sources */,
				496BF8AC24B12F9900A448B7 /* AspectClassifier.mlmodel in Sources */,
				49C27F2024AFF2A000B21FAE /* EssayClassifier.mlmodel in Sources */,
				49C27F2824B11DCB00B21FAE /* Factory.swift in Sources */,
				49C27F1E24AFCA6900B21FAE /* VoiceClassifier.mlmodel in Sources */,
				49176F8722C28952000A0C29 /* EndedQuestionClassifier.mlmodel in Sources */,
				49C27F2C24B11E6B00B21FAE /* AspectsExampleSentences.swift in Sources */,
				49C27F2224AFF4D400B21FAE /* TimesExampleSentences.swift in Sources */,
				49C27F2A24B11DF700B21FAE /* FileDestinations.swift in Sources */,
				49C27F2E24B11F4D00B21FAE /* TextInputValue.swift in Sources */,
				49E94B0622B9A6B10036759B /* main.swift in Sources */,
				496BF8AA24B128AA00A448B7 /* TenseGrammarExampleSentences.swift in Sources */,
			);
			runOnlyForDeploymentPostprocessing = 0;
		};
/* End PBXSourcesBuildPhase section */

/* Begin XCBuildConfiguration section */
		49E94B0722B9A6B10036759B /* Debug */ = {
			isa = XCBuildConfiguration;
			buildSettings = {
				ALWAYS_SEARCH_USER_PATHS = NO;
				CLANG_ANALYZER_NONNULL = YES;
				CLANG_ANALYZER_NUMBER_OBJECT_CONVERSION = YES_AGGRESSIVE;
				CLANG_CXX_LANGUAGE_STANDARD = "gnu++14";
				CLANG_CXX_LIBRARY = "libc++";
				CLANG_ENABLE_MODULES = YES;
				CLANG_ENABLE_OBJC_ARC = YES;
				CLANG_ENABLE_OBJC_WEAK = YES;
				CLANG_WARN_BLOCK_CAPTURE_AUTORELEASING = YES;
				CLANG_WARN_BOOL_CONVERSION = YES;
				CLANG_WARN_COMMA = YES;
				CLANG_WARN_CONSTANT_CONVERSION = YES;
				CLANG_WARN_DEPRECATED_OBJC_IMPLEMENTATIONS = YES;
				CLANG_WARN_DIRECT_OBJC_ISA_USAGE = YES_ERROR;
				CLANG_WARN_DOCUMENTATION_COMMENTS = YES;
				CLANG_WARN_EMPTY_BODY = YES;
				CLANG_WARN_ENUM_CONVERSION = YES;
				CLANG_WARN_INFINITE_RECURSION = YES;
				CLANG_WARN_INT_CONVERSION = YES;
				CLANG_WARN_NON_LITERAL_NULL_CONVERSION = YES;
				CLANG_WARN_OBJC_IMPLICIT_RETAIN_SELF = YES;
				CLANG_WARN_OBJC_LITERAL_CONVERSION = YES;
				CLANG_WARN_OBJC_ROOT_CLASS = YES_ERROR;
				CLANG_WARN_RANGE_LOOP_ANALYSIS = YES;
				CLANG_WARN_STRICT_PROTOTYPES = YES;
				CLANG_WARN_SUSPICIOUS_MOVE = YES;
				CLANG_WARN_UNGUARDED_AVAILABILITY = YES_AGGRESSIVE;
				CLANG_WARN_UNREACHABLE_CODE = YES;
				CLANG_WARN__DUPLICATE_METHOD_MATCH = YES;
				COPY_PHASE_STRIP = NO;
				DEBUG_INFORMATION_FORMAT = dwarf;
				ENABLE_STRICT_OBJC_MSGSEND = YES;
				ENABLE_TESTABILITY = YES;
				GCC_C_LANGUAGE_STANDARD = gnu11;
				GCC_DYNAMIC_NO_PIC = NO;
				GCC_NO_COMMON_BLOCKS = YES;
				GCC_OPTIMIZATION_LEVEL = 0;
				GCC_PREPROCESSOR_DEFINITIONS = (
					"DEBUG=1",
					"$(inherited)",
				);
				GCC_WARN_64_TO_32_BIT_CONVERSION = YES;
				GCC_WARN_ABOUT_RETURN_TYPE = YES_ERROR;
				GCC_WARN_UNDECLARED_SELECTOR = YES;
				GCC_WARN_UNINITIALIZED_AUTOS = YES_AGGRESSIVE;
				GCC_WARN_UNUSED_FUNCTION = YES;
				GCC_WARN_UNUSED_VARIABLE = YES;
				MACOSX_DEPLOYMENT_TARGET = 10.15;
				MTL_ENABLE_DEBUG_INFO = INCLUDE_SOURCE;
				MTL_FAST_MATH = YES;
				ONLY_ACTIVE_ARCH = YES;
				SDKROOT = macosx;
				SWIFT_ACTIVE_COMPILATION_CONDITIONS = DEBUG;
				SWIFT_OPTIMIZATION_LEVEL = "-Onone";
			};
			name = Debug;
		};
		49E94B0822B9A6B10036759B /* Release */ = {
			isa = XCBuildConfiguration;
			buildSettings = {
				ALWAYS_SEARCH_USER_PATHS = NO;
				CLANG_ANALYZER_NONNULL = YES;
				CLANG_ANALYZER_NUMBER_OBJECT_CONVERSION = YES_AGGRESSIVE;
				CLANG_CXX_LANGUAGE_STANDARD = "gnu++14";
				CLANG_CXX_LIBRARY = "libc++";
				CLANG_ENABLE_MODULES = YES;
				CLANG_ENABLE_OBJC_ARC = YES;
				CLANG_ENABLE_OBJC_WEAK = YES;
				CLANG_WARN_BLOCK_CAPTURE_AUTORELEASING = YES;
				CLANG_WARN_BOOL_CONVERSION = YES;
				CLANG_WARN_COMMA = YES;
				CLANG_WARN_CONSTANT_CONVERSION = YES;
				CLANG_WARN_DEPRECATED_OBJC_IMPLEMENTATIONS = YES;
				CLANG_WARN_DIRECT_OBJC_ISA_USAGE = YES_ERROR;
				CLANG_WARN_DOCUMENTATION_COMMENTS = YES;
				CLANG_WARN_EMPTY_BODY = YES;
				CLANG_WARN_ENUM_CONVERSION = YES;
				CLANG_WARN_INFINITE_RECURSION = YES;
				CLANG_WARN_INT_CONVERSION = YES;
				CLANG_WARN_NON_LITERAL_NULL_CONVERSION = YES;
				CLANG_WARN_OBJC_IMPLICIT_RETAIN_SELF = YES;
				CLANG_WARN_OBJC_LITERAL_CONVERSION = YES;
				CLANG_WARN_OBJC_ROOT_CLASS = YES_ERROR;
				CLANG_WARN_RANGE_LOOP_ANALYSIS = YES;
				CLANG_WARN_STRICT_PROTOTYPES = YES;
				CLANG_WARN_SUSPICIOUS_MOVE = YES;
				CLANG_WARN_UNGUARDED_AVAILABILITY = YES_AGGRESSIVE;
				CLANG_WARN_UNREACHABLE_CODE = YES;
				CLANG_WARN__DUPLICATE_METHOD_MATCH = YES;
				COPY_PHASE_STRIP = NO;
				DEBUG_INFORMATION_FORMAT = "dwarf-with-dsym";
				ENABLE_NS_ASSERTIONS = NO;
				ENABLE_STRICT_OBJC_MSGSEND = YES;
				GCC_C_LANGUAGE_STANDARD = gnu11;
				GCC_NO_COMMON_BLOCKS = YES;
				GCC_WARN_64_TO_32_BIT_CONVERSION = YES;
				GCC_WARN_ABOUT_RETURN_TYPE = YES_ERROR;
				GCC_WARN_UNDECLARED_SELECTOR = YES;
				GCC_WARN_UNINITIALIZED_AUTOS = YES_AGGRESSIVE;
				GCC_WARN_UNUSED_FUNCTION = YES;
				GCC_WARN_UNUSED_VARIABLE = YES;
				MACOSX_DEPLOYMENT_TARGET = 10.15;
				MTL_ENABLE_DEBUG_INFO = NO;
				MTL_FAST_MATH = YES;
				SDKROOT = macosx;
				SWIFT_COMPILATION_MODE = wholemodule;
				SWIFT_OPTIMIZATION_LEVEL = "-O";
			};
			name = Release;
		};
		49E94B0A22B9A6B10036759B /* Debug */ = {
			isa = XCBuildConfiguration;
			buildSettings = {
				CODE_SIGN_STYLE = Automatic;
				DEVELOPMENT_TEAM = QX79LNB56B;
				ENABLE_HARDENED_RUNTIME = YES;
				PRODUCT_NAME = "$(TARGET_NAME)";
				SWIFT_VERSION = 5.0;
			};
			name = Debug;
		};
		49E94B0B22B9A6B10036759B /* Release */ = {
			isa = XCBuildConfiguration;
			buildSettings = {
				CODE_SIGN_STYLE = Automatic;
				DEVELOPMENT_TEAM = QX79LNB56B;
				ENABLE_HARDENED_RUNTIME = YES;
				PRODUCT_NAME = "$(TARGET_NAME)";
				SWIFT_VERSION = 5.0;
			};
			name = Release;
		};
/* End XCBuildConfiguration section */

/* Begin XCConfigurationList section */
		49E94AFD22B9A6B10036759B /* Build configuration list for PBXProject "Essay I Say" */ = {
			isa = XCConfigurationList;
			buildConfigurations = (
				49E94B0722B9A6B10036759B /* Debug */,
				49E94B0822B9A6B10036759B /* Release */,
			);
			defaultConfigurationIsVisible = 0;
			defaultConfigurationName = Release;
		};
		49E94B0922B9A6B10036759B /* Build configuration list for PBXNativeTarget "Essay I Say" */ = {
			isa = XCConfigurationList;
			buildConfigurations = (
				49E94B0A22B9A6B10036759B /* Debug */,
				49E94B0B22B9A6B10036759B /* Release */,
			);
			defaultConfigurationIsVisible = 0;
			defaultConfigurationName = Release;
		};
/* End XCConfigurationList section */
	};
	rootObject = 49E94AFA22B9A6B10036759B /* Project object */;
}
